
Microsoft Visual Studio Solution File, Format Version 12.00
# Visual Studio Version 17
VisualStudioVersion = 17.13.35931.197 d17.13
MinimumVisualStudioVersion = 10.0.40219.1
Project("{FAE04EC0-301F-11D3-BF4B-00C04F79EFBC}") = "AuthWithKeyCloak", "AuthWithKeyCloak.csproj", "{40EE6094-4E2D-4240-8895-4FB665312E42}"
EndProject
Global
	GlobalSection(SolutionConfigurationPlatforms) = preSolution
		Debug|Any CPU = Debug|Any CPU
		Release|Any CPU = Release|Any CPU
	EndGlobalSection
	GlobalSection(ProjectConfigurationPlatforms) = postSolution
		{40EE6094-4E2D-4240-8895-4FB665312E42}.Debug|Any CPU.ActiveCfg = Debug|Any CPU
		{40EE6094-4E2D-4240-8895-4FB665312E42}.Debug|Any CPU.Build.0 = Debug|Any CPU
		{40EE6094-4E2D-4240-8895-4FB665312E42}.Release|Any CPU.ActiveCfg = Release|Any CPU
		{40EE6094-4E2D-4240-8895-4FB665312E42}.Release|Any CPU.Build.0 = Release|Any CPU
	EndGlobalSection
	GlobalSection(SolutionProperties) = preSolution
		HideSolutionNode = FALSE
	EndGlobalSection
	GlobalSection(ExtensibilityGlobals) = postSolution
		SolutionGuid = {0FB760DE-87C9-466E-A0E4-C0FA6794CD3A}
	EndGlobalSection
EndGlobal
